// !$*UTF8*$!
{
	archiveVersion = 1;
	classes = {
	};
	objectVersion = 77;
	objects = {

/* Begin PBXContainerItemProxy section */
		52D631A02DCF7F8D00BB04A2 /* PBXContainerItemProxy */ = {
			isa = PBXContainerItemProxy;
			containerPortal = 52D631812DCF7F8B00BB04A2 /* Project object */;
			proxyType = 1;
			remoteGlobalIDString = 52D631882DCF7F8B00BB04A2;
			remoteInfo = PaymentDemo;
		};
		52D631AA2DCF7F8D00BB04A2 /* PBXContainerItemProxy */ = {
			isa = PBXContainerItemProxy;
			containerPortal = 52D631812DCF7F8B00BB04A2 /* Project object */;
			proxyType = 1;
			remoteGlobalIDString = 52D631882DCF7F8B00BB04A2;
			remoteInfo = PaymentDemo;
		};
/* End PBXContainerItemProxy section */

/* Begin PBXFileReference section */
		52D631892DCF7F8B00BB04A2 /* PaymentDemo.app */ = {isa = PBXFileReference; explicitFileType = wrapper.application; includeInIndex = 0; path = PaymentDemo.app; sourceTree = BUILT_PRODUCTS_DIR; };
		52D6319F2DCF7F8D00BB04A2 /* PaymentDemoTests.xctest */ = {isa = PBXFileReference; explicitFileType = wrapper.cfbundle; includeInIndex = 0; path = PaymentDemoTests.xctest; sourceTree = BUILT_PRODUCTS_DIR; };
		52D631A92DCF7F8D00BB04A2 /* PaymentDemoUITests.xctest */ = {isa = PBXFileReference; explicitFileType = wrapper.cfbundle; includeInIndex = 0; path = PaymentDemoUITests.xctest; sourceTree = BUILT_PRODUCTS_DIR; };
/* End PBXFileReference section */

/* Begin PBXFileSystemSynchronizedBuildFileExceptionSet section */
		52D631B12DCF7F8D00BB04A2 /* Exceptions for "PaymentDemo" folder in "PaymentDemo" target */ = {
			isa = PBXFileSystemSynchronizedBuildFileExceptionSet;
			membershipExceptions = (
				Info.plist,
			);
			target = 52D631882DCF7F8B00BB04A2 /* PaymentDemo */;
		};
/* End PBXFileSystemSynchronizedBuildFileExceptionSet section */

/* Begin PBXFileSystemSynchronizedRootGroup section */
		52D6318B2DCF7F8B00BB04A2 /* PaymentDemo */ = {
			isa = PBXFileSystemSynchronizedRootGroup;
			exceptions = (
				52D631B12DCF7F8D00BB04A2 /* Exceptions for "PaymentDemo" folder in "PaymentDemo" target */,
			);
			path = PaymentDemo;
			sourceTree = "<group>";
		};
		52D631A22DCF7F8D00BB04A2 /* PaymentDemoTests */ = {
			isa = PBXFileSystemSynchronizedRootGroup;
			path = PaymentDemoTests;
			sourceTree = "<group>";
		};
		52D631AC2DCF7F8D00BB04A2 /* PaymentDemoUITests */ = {
			isa = PBXFileSystemSynchronizedRootGroup;
			path = PaymentDemoUITests;
			sourceTree = "<group>";
		};
/* End PBXFileSystemSynchronizedRootGroup section */

/* Begin PBXFrameworksBuildPhase section */
		52D631862DCF7F8B00BB04A2 /* Frameworks */ = {
			isa = PBXFrameworksBuildPhase;
			buildActionMask = 2147483647;
			files = (
			);
			runOnlyForDeploymentPostprocessing = 0;
		};
		52D6319C2DCF7F8D00BB04A2 /* Frameworks */ = {
			isa = PBXFrameworksBuildPhase;
			buildActionMask = 2147483647;
			files = (
			);
			runOnlyForDeploymentPostprocessing = 0;
		};
		52D631A62DCF7F8D00BB04A2 /* Frameworks */ = {
			isa = PBXFrameworksBuildPhase;
			buildActionMask = 2147483647;
			files = (
			);
			runOnlyForDeploymentPostprocessing = 0;
		};
/* End PBXFrameworksBuildPhase section */

/* Begin PBXGroup section */
		52D631802DCF7F8B00BB04A2 = {
			isa = PBXGroup;
			children = (
				52D6318B2DCF7F8B00BB04A2 /* PaymentDemo */,
				52D631A22DCF7F8D00BB04A2 /* PaymentDemoTests */,
				52D631AC2DCF7F8D00BB04A2 /* PaymentDemoUITests */,
				52D6318A2DCF7F8B00BB04A2 /* Products */,
			);
			sourceTree = "<group>";
		};
		52D6318A2DCF7F8B00BB04A2 /* Products */ = {
			isa = PBXGroup;
			children = (
				52D631892DCF7F8B00BB04A2 /* PaymentDemo.app */,
				52D6319F2DCF7F8D00BB04A2 /* PaymentDemoTests.xctest */,
				52D631A92DCF7F8D00BB04A2 /* PaymentDemoUITests.xctest */,
			);
			name = Products;
			sourceTree = "<group>";
		};
/* End PBXGroup section */

/* Begin PBXNativeTarget section */
		52D631882DCF7F8B00BB04A2 /* PaymentDemo */ = {
			isa = PBXNativeTarget;
			buildConfigurationList = 52D631B22DCF7F8D00BB04A2 /* Build configuration list for PBXNativeTarget "PaymentDemo" */;
			buildPhases = (
				52D631852DCF7F8B00BB04A2 /* Sources */,
				52D631862DCF7F8B00BB04A2 /* Frameworks */,
				52D631872DCF7F8B00BB04A2 /* Resources */,
			);
			buildRules = (
			);
			dependencies = (
			);
			fileSystemSynchronizedGroups = (
				52D6318B2DCF7F8B00BB04A2 /* PaymentDemo */,
			);
			name = PaymentDemo;
			packageProductDependencies = (
			);
			productName = PaymentDemo;
			productReference = 52D631892DCF7F8B00BB04A2 /* PaymentDemo.app */;
			productType = "com.apple.product-type.application";
		};
		52D6319E2DCF7F8D00BB04A2 /* PaymentDemoTests */ = {
			isa = PBXNativeTarget;
			buildConfigurationList = 52D631B72DCF7F8D00BB04A2 /* Build configuration list for PBXNativeTarget "PaymentDemoTests" */;
			buildPhases = (
				52D6319B2DCF7F8D00BB04A2 /* Sources */,
				52D6319C2DCF7F8D00BB04A2 /* Frameworks */,
				52D6319D2DCF7F8D00BB04A2 /* Resources */,
			);
			buildRules = (
			);
			dependencies = (
				52D631A12DCF7F8D00BB04A2 /* PBXTargetDependency */,
			);
			fileSystemSynchronizedGroups = (
				52D631A22DCF7F8D00BB04A2 /* PaymentDemoTests */,
			);
			name = PaymentDemoTests;
			packageProductDependencies = (
			);
			productName = PaymentDemoTests;
			productReference = 52D6319F2DCF7F8D00BB04A2 /* PaymentDemoTests.xctest */;
			productType = "com.apple.product-type.bundle.unit-test";
		};
		52D631A82DCF7F8D00BB04A2 /* PaymentDemoUITests */ = {
			isa = PBXNativeTarget;
			buildConfigurationList = 52D631BA2DCF7F8D00BB04A2 /* Build configuration list for PBXNativeTarget "PaymentDemoUITests" */;
			buildPhases = (
				52D631A52DCF7F8D00BB04A2 /* Sources */,
				52D631A62DCF7F8D00BB04A2 /* Frameworks */,
				52D631A72DCF7F8D00BB04A2 /* Resources */,
			);
			buildRules = (
			);
			dependencies = (
				52D631AB2DCF7F8D00BB04A2 /* PBXTargetDependency */,
			);
			fileSystemSynchronizedGroups = (
				52D631AC2DCF7F8D00BB04A2 /* PaymentDemoUITests */,
			);
			name = PaymentDemoUITests;
			packageProductDependencies = (
			);
			productName = PaymentDemoUITests;
			productReference = 52D631A92DCF7F8D00BB04A2 /* PaymentDemoUITests.xctest */;
			productType = "com.apple.product-type.bundle.ui-testing";
		};
/* End PBXNativeTarget section */

/* Begin PBXProject section */
		52D631812DCF7F8B00BB04A2 /* Project object */ = {
			isa = PBXProject;
			attributes = {
				BuildIndependentTargetsInParallel = 1;
				LastSwiftUpdateCheck = 1620;
				LastUpgradeCheck = 1620;
				TargetAttributes = {
					52D631882DCF7F8B00BB04A2 = {
						CreatedOnToolsVersion = 16.2;
					};
					52D6319E2DCF7F8D00BB04A2 = {
						CreatedOnToolsVersion = 16.2;
						TestTargetID = 52D631882DCF7F8B00BB04A2;
					};
					52D631A82DCF7F8D00BB04A2 = {
						CreatedOnToolsVersion = 16.2;
						TestTargetID = 52D631882DCF7F8B00BB04A2;
					};
				};
			};
			buildConfigurationList = 52D631842DCF7F8B00BB04A2 /* Build configuration list for PBXProject "PaymentDemo" */;
			developmentRegion = en;
			hasScannedForEncodings = 0;
			knownRegions = (
				en,
				Base,
			);
			mainGroup = 52D631802DCF7F8B00BB04A2;
			minimizedProjectReferenceProxies = 1;
			preferredProjectObjectVersion = 77;
			productRefGroup = 52D6318A2DCF7F8B00BB04A2 /* Products */;
			projectDirPath = "";
			projectRoot = "";
			targets = (
				52D631882DCF7F8B00BB04A2 /* PaymentDemo */,
				52D6319E2DCF7F8D00BB04A2 /* PaymentDemoTests */,
				52D631A82DCF7F8D00BB04A2 /* PaymentDemoUITests */,
			);
		};
/* End PBXProject section */

/* Begin PBXResourcesBuildPhase section */
		52D631872DCF7F8B00BB04A2 /* Resources */ = {
			isa = PBXResourcesBuildPhase;
			buildActionMask = 2147483647;
			files = (
			);
			runOnlyForDeploymentPostprocessing = 0;
		};
		52D6319D2DCF7F8D00BB04A2 /* Resources */ = {
			isa = PBXResourcesBuildPhase;
			buildActionMask = 2147483647;
			files = (
			);
			runOnlyForDeploymentPostprocessing = 0;
		};
		52D631A72DCF7F8D00BB04A2 /* Resources */ = {
			isa = PBXResourcesBuildPhase;
			buildActionMask = 2147483647;
			files = (
			);
			runOnlyForDeploymentPostprocessing = 0;
		};
/* End PBXResourcesBuildPhase section */

/* Begin PBXSourcesBuildPhase section */
		52D631852DCF7F8B00BB04A2 /* Sources */ = {
			isa = PBXSourcesBuildPhase;
			buildActionMask = 2147483647;
			files = (
			);
			runOnlyForDeploymentPostprocessing = 0;
		};
		52D6319B2DCF7F8D00BB04A2 /* Sources */ = {
			isa = PBXSourcesBuildPhase;
			buildActionMask = 2147483647;
			files = (
			);
			runOnlyForDeploymentPostprocessing = 0;
		};
		52D631A52DCF7F8D00BB04A2 /* Sources */ = {
			isa = PBXSourcesBuildPhase;
			buildActionMask = 2147483647;
			files = (
			);
			runOnlyForDeploymentPostprocessing = 0;
		};
/* End PBXSourcesBuildPhase section */

/* Begin PBXTargetDependency section */
		52D631A12DCF7F8D00BB04A2 /* PBXTargetDependency */ = {
			isa = PBXTargetDependency;
			target = 52D631882DCF7F8B00BB04A2 /* PaymentDemo */;
			targetProxy = 52D631A02DCF7F8D00BB04A2 /* PBXContainerItemProxy */;
		};
		52D631AB2DCF7F8D00BB04A2 /* PBXTargetDependency */ = {
			isa = PBXTargetDependency;
			target = 52D631882DCF7F8B00BB04A2 /* PaymentDemo */;
			targetProxy = 52D631AA2DCF7F8D00BB04A2 /* PBXContainerItemProxy */;
		};
/* End PBXTargetDependency section */

/* Begin XCBuildConfiguration section */
		52D631B32DCF7F8D00BB04A2 /* Debug */ = {
			isa = XCBuildConfiguration;
			buildSettings = {
				ASSETCATALOG_COMPILER_APPICON_NAME = AppIcon;
				ASSETCATALOG_COMPILER_GLOBAL_ACCENT_COLOR_NAME = AccentColor;
				CODE_SIGN_STYLE = Automatic;
				CURRENT_PROJECT_VERSION = 1;
				DEVELOPMENT_TEAM = 2GPCAGV89P;
				GENERATE_INFOPLIST_FILE = YES;
				INFOPLIST_FILE = PaymentDemo/Info.plist;
				INFOPLIST_KEY_UIApplicationSupportsIndirectInputEvents = YES;
				INFOPLIST_KEY_UILaunchStoryboardName = LaunchScreen;
				INFOPLIST_KEY_UIMainStoryboardFile = Main;
				INFOPLIST_KEY_UISupportedInterfaceOrientations_iPad = "UIInterfaceOrientationPortrait UIInterfaceOrientationPortraitUpsideDown UIInterfaceOrientationLandscapeLeft UIInterfaceOrientationLandscapeRight";
				INFOPLIST_KEY_UISupportedInterfaceOrientations_iPhone = "UIInterfaceOrientationPortrait UIInterfaceOrientationLandscapeLeft UIInterfaceOrientationLandscapeRight";
				LD_RUNPATH_SEARCH_PATHS = (
					"$(inherited)",
					"@executable_path/Frameworks",
				);
				MARKETING_VERSION = 1.0;
				PRODUCT_BUNDLE_IDENTIFIER = MarcinJaniczek.PaymentDemo;
				PRODUCT_NAME = "$(TARGET_NAME)";
				SWIFT_EMIT_LOC_STRINGS = YES;
				SWIFT_VERSION = 5.0;
				TARGETED_DEVICE_FAMILY = "1,2";
			};
			name = Debug;
		};
		52D631B42DCF7F8D00BB04A2 /* Release */ = {
			isa = XCBuildConfiguration;
			buildSettings = {
				ASSETCATALOG_COMPILER_APPICON_NAME = AppIcon;
				ASSETCATALOG_COMPILER_GLOBAL_ACCENT_COLOR_NAME = AccentColor;
				CODE_SIGN_STYLE = Automatic;
				CURRENT_PROJECT_VERSION = 1;
				DEVELOPMENT_TEAM = 2GPCAGV89P;
				GENERATE_INFOPLIST_FILE = YES;
				INFOPLIST_FILE = PaymentDemo/Info.plist;
				INFOPLIST_KEY_UIApplicationSupportsIndirectInputEvents = YES;
				INFOPLIST_KEY_UILaunchStoryboardName = LaunchScreen;
				INFOPLIST_KEY_UIMainStoryboardFile = Main;
				INFOPLIST_KEY_UISupportedInterfaceOrientations_iPad = "UIInterfaceOrientationPortrait UIInterfaceOrientationPortraitUpsideDown UIInterfaceOrientationLandscapeLeft UIInterfaceOrientationLandscapeRight";
				INFOPLIST_KEY_UISupportedInterfaceOrientations_iPhone = "UIInterfaceOrientationPortrait UIInterfaceOrientationLandscapeLeft UIInterfaceOrientationLandscapeRight";
				LD_RUNPATH_SEARCH_PATHS = (
					"$(inherited)",
					"@executable_path/Frameworks",
				);
				MARKETING_VERSION = 1.0;
				PRODUCT_BUNDLE_IDENTIFIER = MarcinJaniczek.PaymentDemo;
				PRODUCT_NAME = "$(TARGET_NAME)";
				SWIFT_EMIT_LOC_STRINGS = YES;
				SWIFT_VERSION = 5.0;
				TARGETED_DEVICE_FAMILY = "1,2";
			};
			name = Release;
		};
		52D631B52DCF7F8D00BB04A2 /* Debug */ = {
			isa = XCBuildConfiguration;
			buildSettings = {
				ALWAYS_SEARCH_USER_PATHS = NO;
				ASSETCATALOG_COMPILER_GENERATE_SWIFT_ASSET_SYMBOL_EXTENSIONS = YES;
				CLANG_ANALYZER_NONNULL = YES;
				CLANG_ANALYZER_NUMBER_OBJECT_CONVERSION = YES_AGGRESSIVE;
				CLANG_CXX_LANGUAGE_STANDARD = "gnu++20";
				CLANG_ENABLE_MODULES = YES;
				CLANG_ENABLE_OBJC_ARC = YES;
				CLANG_ENABLE_OBJC_WEAK = YES;
				CLANG_WARN_BLOCK_CAPTURE_AUTORELEASING = YES;
				CLANG_WARN_BOOL_CONVERSION = YES;
				CLANG_WARN_COMMA = YES;
				CLANG_WARN_CONSTANT_CONVERSION = YES;
				CLANG_WARN_DEPRECATED_OBJC_IMPLEMENTATIONS = YES;
				CLANG_WARN_DIRECT_OBJC_ISA_USAGE = YES_ERROR;
				CLANG_WARN_DOCUMENTATION_COMMENTS = YES;
				CLANG_WARN_EMPTY_BODY = YES;
				CLANG_WARN_ENUM_CONVERSION = YES;
				CLANG_WARN_INFINITE_RECURSION = YES;
				CLANG_WARN_INT_CONVERSION = YES;
				CLANG_WARN_NON_LITERAL_NULL_CONVERSION = YES;
				CLANG_WARN_OBJC_IMPLICIT_RETAIN_SELF = YES;
				CLANG_WARN_OBJC_LITERAL_CONVERSION = YES;
				CLANG_WARN_OBJC_ROOT_CLASS = YES_ERROR;
				CLANG_WARN_QUOTED_INCLUDE_IN_FRAMEWORK_HEADER = YES;
				CLANG_WARN_RANGE_LOOP_ANALYSIS = YES;
				CLANG_WARN_STRICT_PROTOTYPES = YES;
				CLANG_WARN_SUSPICIOUS_MOVE = YES;
				CLANG_WARN_UNGUARDED_AVAILABILITY = YES_AGGRESSIVE;
				CLANG_WARN_UNREACHABLE_CODE = YES;
				CLANG_WARN__DUPLICATE_METHOD_MATCH = YES;
				COPY_PHASE_STRIP = NO;
				DEBUG_INFORMATION_FORMAT = dwarf;
				ENABLE_STRICT_OBJC_MSGSEND = YES;
				ENABLE_TESTABILITY = YES;
				ENABLE_USER_SCRIPT_SANDBOXING = YES;
				GCC_C_LANGUAGE_STANDARD = gnu17;
				GCC_DYNAMIC_NO_PIC = NO;
				GCC_NO_COMMON_BLOCKS = YES;
				GCC_OPTIMIZATION_LEVEL = 0;
				GCC_PREPROCESSOR_DEFINITIONS = (
					"DEBUG=1",
					"$(inherited)",
				);
				GCC_WARN_64_TO_32_BIT_CONVERSION = YES;
				GCC_WARN_ABOUT_RETURN_TYPE = YES_ERROR;
				GCC_WARN_UNDECLARED_SELECTOR = YES;
				GCC_WARN_UNINITIALIZED_AUTOS = YES_AGGRESSIVE;
				GCC_WARN_UNUSED_FUNCTION = YES;
				GCC_WARN_UNUSED_VARIABLE = YES;
				IPHONEOS_DEPLOYMENT_TARGET = 18.2;
				LOCALIZATION_PREFERS_STRING_CATALOGS = YES;
				MTL_ENABLE_DEBUG_INFO = INCLUDE_SOURCE;
				MTL_FAST_MATH = YES;
				ONLY_ACTIVE_ARCH = YES;
				SDKROOT = iphoneos;
				SWIFT_ACTIVE_COMPILATION_CONDITIONS = "DEBUG $(inherited)";
				SWIFT_OPTIMIZATION_LEVEL = "-Onone";
			};
			name = Debug;
		};
		52D631B62DCF7F8D00BB04A2 /* Release */ = {
			isa = XCBuildConfiguration;
			buildSettings = {
				ALWAYS_SEARCH_USER_PATHS = NO;
				ASSETCATALOG_COMPILER_GENERATE_SWIFT_ASSET_SYMBOL_EXTENSIONS = YES;
				CLANG_ANALYZER_NONNULL = YES;
				CLANG_ANALYZER_NUMBER_OBJECT_CONVERSION = YES_AGGRESSIVE;
				CLANG_CXX_LANGUAGE_STANDARD = "gnu++20";
				CLANG_ENABLE_MODULES = YES;
				CLANG_ENABLE_OBJC_ARC = YES;
				CLANG_ENABLE_OBJC_WEAK = YES;
				CLANG_WARN_BLOCK_CAPTURE_AUTORELEASING = YES;
				CLANG_WARN_BOOL_CONVERSION = YES;
				CLANG_WARN_COMMA = YES;
				CLANG_WARN_CONSTANT_CONVERSION = YES;
				CLANG_WARN_DEPRECATED_OBJC_IMPLEMENTATIONS = YES;
				CLANG_WARN_DIRECT_OBJC_ISA_USAGE = YES_ERROR;
				CLANG_WARN_DOCUMENTATION_COMMENTS = YES;
				CLANG_WARN_EMPTY_BODY = YES;
				CLANG_WARN_ENUM_CONVERSION = YES;
				CLANG_WARN_INFINITE_RECURSION = YES;
				CLANG_WARN_INT_CONVERSION = YES;
				CLANG_WARN_NON_LITERAL_NULL_CONVERSION = YES;
				CLANG_WARN_OBJC_IMPLICIT_RETAIN_SELF = YES;
				CLANG_WARN_OBJC_LITERAL_CONVERSION = YES;
				CLANG_WARN_OBJC_ROOT_CLASS = YES_ERROR;
				CLANG_WARN_QUOTED_INCLUDE_IN_FRAMEWORK_HEADER = YES;
				CLANG_WARN_RANGE_LOOP_ANALYSIS = YES;
				CLANG_WARN_STRICT_PROTOTYPES = YES;
				CLANG_WARN_SUSPICIOUS_MOVE = YES;
				CLANG_WARN_UNGUARDED_AVAILABILITY = YES_AGGRESSIVE;
				CLANG_WARN_UNREACHABLE_CODE = YES;
				CLANG_WARN__DUPLICATE_METHOD_MATCH = YES;
				COPY_PHASE_STRIP = NO;
				DEBUG_INFORMATION_FORMAT = "dwarf-with-dsym";
				ENABLE_NS_ASSERTIONS = NO;
				ENABLE_STRICT_OBJC_MSGSEND = YES;
				ENABLE_USER_SCRIPT_SANDBOXING = YES;
				GCC_C_LANGUAGE_STANDARD = gnu17;
				GCC_NO_COMMON_BLOCKS = YES;
				GCC_WARN_64_TO_32_BIT_CONVERSION = YES;
				GCC_WARN_ABOUT_RETURN_TYPE = YES_ERROR;
				GCC_WARN_UNDECLARED_SELECTOR = YES;
				GCC_WARN_UNINITIALIZED_AUTOS = YES_AGGRESSIVE;
				GCC_WARN_UNUSED_FUNCTION = YES;
				GCC_WARN_UNUSED_VARIABLE = YES;
				IPHONEOS_DEPLOYMENT_TARGET = 18.2;
				LOCALIZATION_PREFERS_STRING_CATALOGS = YES;
				MTL_ENABLE_DEBUG_INFO = NO;
				MTL_FAST_MATH = YES;
				SDKROOT = iphoneos;
				SWIFT_COMPILATION_MODE = wholemodule;
				VALIDATE_PRODUCT = YES;
			};
			name = Release;
		};
		52D631B82DCF7F8D00BB04A2 /* Debug */ = {
			isa = XCBuildConfiguration;
			buildSettings = {
				BUNDLE_LOADER = "$(TEST_HOST)";
				CODE_SIGN_STYLE = Automatic;
				CURRENT_PROJECT_VERSION = 1;
				DEVELOPMENT_TEAM = 2GPCAGV89P;
				GENERATE_INFOPLIST_FILE = YES;
				IPHONEOS_DEPLOYMENT_TARGET = 18.2;
				MARKETING_VERSION = 1.0;
				PRODUCT_BUNDLE_IDENTIFIER = MarcinJaniczek.PaymentDemoTests;
				PRODUCT_NAME = "$(TARGET_NAME)";
				SWIFT_EMIT_LOC_STRINGS = NO;
				SWIFT_VERSION = 5.0;
				TARGETED_DEVICE_FAMILY = "1,2";
				TEST_HOST = "$(BUILT_PRODUCTS_DIR)/PaymentDemo.app/$(BUNDLE_EXECUTABLE_FOLDER_PATH)/PaymentDemo";
			};
			name = Debug;
		};
		52D631B92DCF7F8D00BB04A2 /* Release */ = {
			isa = XCBuildConfiguration;
			buildSettings = {
				BUNDLE_LOADER = "$(TEST_HOST)";
				CODE_SIGN_STYLE = Automatic;
				CURRENT_PROJECT_VERSION = 1;
				DEVELOPMENT_TEAM = 2GPCAGV89P;
				GENERATE_INFOPLIST_FILE = YES;
				IPHONEOS_DEPLOYMENT_TARGET = 18.2;
				MARKETING_VERSION = 1.0;
				PRODUCT_BUNDLE_IDENTIFIER = MarcinJaniczek.PaymentDemoTests;
				PRODUCT_NAME = "$(TARGET_NAME)";
				SWIFT_EMIT_LOC_STRINGS = NO;
				SWIFT_VERSION = 5.0;
				TARGETED_DEVICE_FAMILY = "1,2";
				TEST_HOST = "$(BUILT_PRODUCTS_DIR)/PaymentDemo.app/$(BUNDLE_EXECUTABLE_FOLDER_PATH)/PaymentDemo";
			};
			name = Release;
		};
		52D631BB2DCF7F8D00BB04A2 /* Debug */ = {
			isa = XCBuildConfiguration;
			buildSettings = {
				CODE_SIGN_STYLE = Automatic;
				CURRENT_PROJECT_VERSION = 1;
				DEVELOPMENT_TEAM = 2GPCAGV89P;
				GENERATE_INFOPLIST_FILE = YES;
				MARKETING_VERSION = 1.0;
				PRODUCT_BUNDLE_IDENTIFIER = MarcinJaniczek.PaymentDemoUITests;
				PRODUCT_NAME = "$(TARGET_NAME)";
				SWIFT_EMIT_LOC_STRINGS = NO;
				SWIFT_VERSION = 5.0;
				TARGETED_DEVICE_FAMILY = "1,2";
				TEST_TARGET_NAME = PaymentDemo;
			};
			name = Debug;
		};
		52D631BC2DCF7F8D00BB04A2 /* Release */ = {
			isa = XCBuildConfiguration;
			buildSettings = {
				CODE_SIGN_STYLE = Automatic;
				CURRENT_PROJECT_VERSION = 1;
				DEVELOPMENT_TEAM = 2GPCAGV89P;
				GENERATE_INFOPLIST_FILE = YES;
				MARKETING_VERSION = 1.0;
				PRODUCT_BUNDLE_IDENTIFIER = MarcinJaniczek.PaymentDemoUITests;
				PRODUCT_NAME = "$(TARGET_NAME)";
				SWIFT_EMIT_LOC_STRINGS = NO;
				SWIFT_VERSION = 5.0;
				TARGETED_DEVICE_FAMILY = "1,2";
				TEST_TARGET_NAME = PaymentDemo;
			};
			name = Release;
		};
/* End XCBuildConfiguration section */

/* Begin XCConfigurationList section */
		52D631842DCF7F8B00BB04A2 /* Build configuration list for PBXProject "PaymentDemo" */ = {
			isa = XCConfigurationList;
			buildConfigurations = (
				52D631B52DCF7F8D00BB04A2 /* Debug */,
				52D631B62DCF7F8D00BB04A2 /* Release */,
			);
			defaultConfigurationIsVisible = 0;
			defaultConfigurationName = Release;
		};
		52D631B22DCF7F8D00BB04A2 /* Build configuration list for PBXNativeTarget "PaymentDemo" */ = {
			isa = XCConfigurationList;
			buildConfigurations = (
				52D631B32DCF7F8D00BB04A2 /* Debug */,
				52D631B42DCF7F8D00BB04A2 /* Release */,
			);
			defaultConfigurationIsVisible = 0;
			defaultConfigurationName = Release;
		};
		52D631B72DCF7F8D00BB04A2 /* Build configuration list for PBXNativeTarget "PaymentDemoTests" */ = {
			isa = XCConfigurationList;
			buildConfigurations = (
				52D631B82DCF7F8D00BB04A2 /* Debug */,
				52D631B92DCF7F8D00BB04A2 /* Release */,
			);
			defaultConfigurationIsVisible = 0;
			defaultConfigurationName = Release;
		};
		52D631BA2DCF7F8D00BB04A2 /* Build configuration list for PBXNativeTarget "PaymentDemoUITests" */ = {
			isa = XCConfigurationList;
			buildConfigurations = (
				52D631BB2DCF7F8D00BB04A2 /* Debug */,
				52D631BC2DCF7F8D00BB04A2 /* Release */,
			);
			defaultConfigurationIsVisible = 0;
			defaultConfigurationName = Release;
		};
/* End XCConfigurationList section */
	};
	rootObject = 52D631812DCF7F8B00BB04A2 /* Project object */;
}
